
Microsoft Visual Studio Solution File, Format Version 12.00
# Visual Studio Version 16
VisualStudioVersion = 25.0.1704.1
MinimumVisualStudioVersion = 10.0.40219.1
Project("{FAE04EC0-301F-11D3-BF4B-00C04F79EFBC}") = "HW1", "HW1\HW1.csproj", "{4E2C603D-F0FC-448C-9973-9C67A76CB01D}"
EndProject
Global
	GlobalSection(SolutionConfigurationPlatforms) = preSolution
		Debug|Any CPU = Debug|Any CPU
		Release|Any CPU = Release|Any CPU
	EndGlobalSection
	GlobalSection(ProjectConfigurationPlatforms) = postSolution
		{4E2C603D-F0FC-448C-9973-9C67A76CB01D}.Debug|Any CPU.ActiveCfg = Debug|Any CPU
		{4E2C603D-F0FC-448C-9973-9C67A76CB01D}.Debug|Any CPU.Build.0 = Debug|Any CPU
		{4E2C603D-F0FC-448C-9973-9C67A76CB01D}.Release|Any CPU.ActiveCfg = Release|Any CPU
		{4E2C603D-F0FC-448C-9973-9C67A76CB01D}.Release|Any CPU.Build.0 = Release|Any CPU
	EndGlobalSection
	GlobalSection(SolutionProperties) = preSolution
		HideSolutionNode = FALSE
	EndGlobalSection
	GlobalSection(ExtensibilityGlobals) = postSolution
		SolutionGuid = {7CB257EB-B31C-4936-A8FB-382F9E8B44AA}
	EndGlobalSection
EndGlobal
